
Microsoft Visual Studio Solution File, Format Version 12.00
# Visual Studio Version 16
VisualStudioVersion = 16.0.31005.135
MinimumVisualStudioVersion = 10.0.40219.1
Project("{FAE04EC0-301F-11D3-BF4B-00C04F79EFBC}") = "BlazorTemplate.Server", "Server\BlazorTemplate.Server.csproj", "{07C23965-5621-4C0D-9690-C90DAA461EC1}"
EndProject
Project("{FAE04EC0-301F-11D3-BF4B-00C04F79EFBC}") = "BlazorTemplate.Client", "Client\BlazorTemplate.Client.csproj", "{4BAE232D-4E3A-4E6E-81E3-760CA55BB026}"
EndProject
Project("{FAE04EC0-301F-11D3-BF4B-00C04F79EFBC}") = "BlazorTemplate.Shared", "Shared\BlazorTemplate.Shared.csproj", "{65F00424-1095-4D45-9B53-F9BDD2A2D021}"
EndProject
Global
	GlobalSection(SolutionConfigurationPlatforms) = preSolution
		Debug|Any CPU = Debug|Any CPU
		Release|Any CPU = Release|Any CPU
	EndGlobalSection
	GlobalSection(ProjectConfigurationPlatforms) = postSolution
		{07C23965-5621-4C0D-9690-C90DAA461EC1}.Debug|Any CPU.ActiveCfg = Debug|Any CPU
		{07C23965-5621-4C0D-9690-C90DAA461EC1}.Debug|Any CPU.Build.0 = Debug|Any CPU
		{07C23965-5621-4C0D-9690-C90DAA461EC1}.Release|Any CPU.ActiveCfg = Release|Any CPU
		{07C23965-5621-4C0D-9690-C90DAA461EC1}.Release|Any CPU.Build.0 = Release|Any CPU
		{4BAE232D-4E3A-4E6E-81E3-760CA55BB026}.Debug|Any CPU.ActiveCfg = Debug|Any CPU
		{4BAE232D-4E3A-4E6E-81E3-760CA55BB026}.Debug|Any CPU.Build.0 = Debug|Any CPU
		{4BAE232D-4E3A-4E6E-81E3-760CA55BB026}.Release|Any CPU.ActiveCfg = Release|Any CPU
		{4BAE232D-4E3A-4E6E-81E3-760CA55BB026}.Release|Any CPU.Build.0 = Release|Any CPU
		{65F00424-1095-4D45-9B53-F9BDD2A2D021}.Debug|Any CPU.ActiveCfg = Debug|Any CPU
		{65F00424-1095-4D45-9B53-F9BDD2A2D021}.Debug|Any CPU.Build.0 = Debug|Any CPU
		{65F00424-1095-4D45-9B53-F9BDD2A2D021}.Release|Any CPU.ActiveCfg = Release|Any CPU
		{65F00424-1095-4D45-9B53-F9BDD2A2D021}.Release|Any CPU.Build.0 = Release|Any CPU
	EndGlobalSection
	GlobalSection(SolutionProperties) = preSolution
		HideSolutionNode = FALSE
	EndGlobalSection
	GlobalSection(ExtensibilityGlobals) = postSolution
		SolutionGuid = {CA426BBB-B842-408B-BF4F-15AC4BD88373}
	EndGlobalSection
EndGlobal
